{
    "_meta": {
        "hash": {
            "sha256": "f59e639765b15c08c2ac4221744452b39fee3f6cc372fdd03513041fb425eba6"
        },
        "pipfile-spec": 6,
        "requires": {
            "python_version": "3.6"
        },
        "sources": [
            {
                "name": "pypi",
                "url": "https://pypi.python.org/simple",
                "verify_ssl": true
            }
        ]
    },
    "default": {
        "babel": {
            "hashes": [
                "sha256:6778d85147d5d85345c14a26aada5e478ab04e39b078b0745ee6870c2b5cf669",
                "sha256:8cba50f48c529ca3fa18cf81fa9403be176d374ac4d60738b839122dfaaa3d23"
            ],
            "version": "==2.6.0"
        },
        "certifi": {
            "hashes": [
                "sha256:59b7658e26ca9c7339e00f8f4636cdfe59d34fa37b9b04f6f9e9926b3cece1a5",
                "sha256:b26104d6835d1f5e49452a26eb2ff87fe7090b89dfcaee5ea2212697e1e1d7ae"
            ],
            "version": "==2019.3.9"
        },
        "chardet": {
            "hashes": [
                "sha256:84ab92ed1c4d4f16916e05906b6b75a6c0fb5db821cc65e70cbd64a3e2a5eaae",
                "sha256:fc323ffcaeaed0e0a02bf4d117757b98aed530d9ed4531e3e15460124c106691"
            ],
            "version": "==3.0.4"
        },
        "defusedxml": {
            "hashes": [
                "sha256:6687150770438374ab581bb7a1b327a847dd9c5749e396102de3fad4e8a3ef93",
                "sha256:f684034d135af4c6cbb949b8a4d2ed61634515257a67299e5f940fbaa34377f5"
            ],
            "version": "==0.6.0"
        },
        "django": {
            "hashes": [
                "sha256:0a73696e0ac71ee6177103df984f9c1e07cd297f080f8ec4dc7c6f3fb74395b5",
                "sha256:43a99da08fee329480d27860d68279945b7d8bf7b537388ee2c8938c709b2041"
            ],
            "index": "pypi",
            "version": "==1.11.20"
        },
        "django-admin-sortable2": {
            "hashes": [
                "sha256:2eda77a1a906d0359793ab0b236b262f18170be79fd0d7ab62b06131f1738751"
            ],
            "index": "pypi",
            "version": "==0.7.1"
        },
        "django-allauth": {
            "hashes": [
                "sha256:4444434c2f43188e16e0a7732c3638e12787ca7e5032f69b6d30b2912f53809e"
            ],
            "index": "pypi",
            "version": "==0.39.1"
        },
        "django-angular": {
            "hashes": [
                "sha256:f4b4228c920b85b1509575b00a14869cc3d5467c7b20cdb253d4d5fe1f0d1cb2"
            ],
            "index": "pypi",
            "version": "==2.2"
        },
        "django-appconf": {
            "hashes": [
                "sha256:35f13ca4d567f132b960e2cd4c832c2d03cb6543452d34e29b7ba10371ba80e3",
                "sha256:c98a7af40062e996b921f5962a1c4f3f0c979fa7885f7be4710cceb90ebe13a6"
            ],
            "version": "==1.0.3"
        },
        "django-classy-tags": {
            "hashes": [
                "sha256:792f9161d0e22d55b4fab6fc297bab8ab072ffaa3075b227613a6d8473624db8",
                "sha256:f6d12f5a4df3e387795a0d9ef2836af389cae9a1fbebda035dac043d4722b1f7"
            ],
            "version": "==0.8.0"
        },
        "django-cms": {
            "hashes": [
                "sha256:72ca485c2bf8bf06ac6fb98be05312a48eb5a57dd0cbc0c078334ddbfecd43b8",
                "sha256:975d749c1cf963300f8947429b3f8688898d47885306f08120303fc458104bd4"
            ],
            "version": "==3.5.3"
        },
        "django-filer": {
            "hashes": [
                "sha256:23562564e681c1292d6c9aadbe9cb14cca1c822dd6c6422c71e8009787603fbe"
            ],
            "index": "pypi",
            "version": "==1.5.0"
        },
        "django-filter": {
            "hashes": [
                "sha256:3dafb7d2810790498895c22a1f31b2375795910680ac9c1432821cbedb1e176d",
                "sha256:a3014de317bef0cd43075a0f08dfa1d319a7ccc5733c3901fb860da70b0dda68"
            ],
            "index": "pypi",
            "version": "==2.1.0"
        },
        "django-formtools": {
            "hashes": [
                "sha256:7703793f1675aa6e871f9fed147e8563816d7a5b9affdc5e3459899596217f7c",
                "sha256:cb2bd7c29c2104278e5a0e76f7ff256b9570acf11485d547ee0c1b35347359fb"
            ],
            "version": "==2.1"
        },
        "django-fsm": {
            "hashes": [
                "sha256:96f776736042b8cde03483cb4b27c3a62580da40fc9b942845349718afdf5d0f",
                "sha256:cacd5485c726b411c6728c9ae3120303c9badf8aa0edff2db3aecdbe3a906945"
            ],
            "index": "pypi",
            "version": "==2.6.1"
        },
        "django-fsm-admin": {
            "hashes": [
                "sha256:b10a75688bbd3714aef97db03121218b9a5963436c7805e1524bbd48a0e6c0a4"
            ],
            "index": "pypi",
            "version": "==1.2.4"
        },
        "django-haystack": {
            "hashes": [
                "sha256:8b54bcc926596765d0a3383d693bcdd76109c7abb6b2323b3984a39e3576028c"
            ],
            "index": "pypi",
            "version": "==2.8.1"
        },
        "django-ipware": {
            "hashes": [
                "sha256:a7c7a8fd019dbdc9c357e6e582f65034e897572fc79a7e467674efa8aef9d00b"
            ],
            "index": "pypi",
            "version": "==2.1.0"
        },
        "django-js-asset": {
            "hashes": [
                "sha256:8ec12017f26eec524cab436c64ae73033368a372970af4cf42d9354fcb166bdd",
                "sha256:c163ae80d2e0b22d8fb598047cd0dcef31f81830e127cfecae278ad574167260"
            ],
            "version": "==1.2.2"
        },
        "django-mptt": {
            "hashes": [
                "sha256:6bf9eb26e54e92006ca82108a1c946c7df533ec27bddf3f795a83a32a3d1b04b",
                "sha256:c765c1501dd0b5c22f0ca8b948550bd294cd2db68aefa0560c6ed7fcfdf4b95e"
            ],
            "version": "==0.10.0"
        },
        "django-parler": {
            "hashes": [
                "sha256:979295a977f8eb6a3567d3f08faa718ef6e66edc38bdaf5de23f6c7346ecb038",
                "sha256:9f1508c75aca387d06ac21fb9bfffbb8fd12b04d268aa25b0c5e56a33909bcdd"
            ],
            "index": "pypi",
            "version": "==1.9.2"
        },
        "django-phonenumber-field": {
            "hashes": [
                "sha256:1431b7eb16282faf50f7247584bbea1b3543f2f547364a5cab1b0e0cb88be577",
                "sha256:a4ddedf21df5443fe1f064b8162117b214b15d5b93b8109b84e031456fb1fe5c"
            ],
            "index": "pypi",
            "version": "==2.4.0"
        },
        "django-polymorphic": {
            "hashes": [
                "sha256:40640d912bba4afc1f87de9ba4c4bbb6e3dd37b3edffd1756e7ac6fa83f74c30",
                "sha256:996d8fc06e5beed3705ef90c66134cea0cd53302a0573f73fa395374bf8260d8"
            ],
            "index": "pypi",
            "version": "==1.3.1"
        },
        "django-post-office": {
            "hashes": [
                "sha256:ae58d03a930543bb551b6431775c1e4013d3ef12476e16ec84d8483bb82e095e"
            ],
            "index": "pypi",
            "version": "==3.2.0"
        },
        "django-rest-auth": {
            "hashes": [
                "sha256:f11e12175dafeed772f50d740d22caeab27e99a3caca24ec65e66a8d6de16571"
            ],
            "index": "pypi",
            "version": "==0.9.5"
        },
        "django-sass-processor": {
            "hashes": [
                "sha256:5ba3568e53caf1d59573afa75d71e42c23bddbd5b48cbea831816cd72ed242f9"
            ],
            "index": "pypi",
            "version": "==0.7.3"
        },
        "django-sekizai": {
            "hashes": [
                "sha256:642a3356fe92fe9b5ccc97f320b64edd2cfcb3b2fbb113e8a26dad9a1f3b5e14"
            ],
            "version": "==1.0.0"
        },
        "django-select2": {
            "hashes": [
                "sha256:7e5a3da54332cb94174a91e0a03177ce44c152049b0876424ba81fc805dbb89f",
                "sha256:f93b5b626e5c0e8ced24e1e31027eb4850649216e4132cdc3f3880c0bed241c9"
            ],
            "index": "pypi",
            "version": "==6.3.1"
        },
        "django-shop": {
            "hashes": [
                "sha256:d3d239b3796ea4480bbd357345c3c3891832ddc5ba58540eb2fada2e916ff557"
            ],
            "index": "pypi",
            "version": "==1.0"
        },
        "django-treebeard": {
            "hashes": [
                "sha256:c21db06a8d4943bf2a28d9d7a119058698fb76116df2679ecbf15a46a501de42"
            ],
            "version": "==4.3"
        },
        "djangocms-admin-style": {
            "hashes": [
                "sha256:0ff3f45ed56e98c92fcabf219377f4165ab20a4cb2d018c1da461b6b85179177"
            ],
            "version": "==1.4.0"
        },
        "djangocms-bootstrap": {
            "hashes": [
                "sha256:dac78892eedfd38f43d57449cd454172f5a36d94c80244c570b403d687f4b0ab"
            ],
            "index": "pypi",
            "version": "==1.0.2"
        },
        "djangocms-cascade": {
            "hashes": [
                "sha256:c8f635082e99d275ba08394dc43dfa942de13944887074227227393f14ebb7a5"
            ],
            "index": "pypi",
            "version": "==0.18.2"
        },
        "djangocms-text-ckeditor": {
            "hashes": [
                "sha256:583fe6bc858075278b927b4cac7e537b72071751b3ca35d2f60f3af18d6b42c7"
            ],
            "version": "==3.7.0"
        },
        "djangorestframework": {
            "hashes": [
                "sha256:b6714c3e4b0f8d524f193c91ecf5f5450092c2145439ac2769711f7eba89a9d9",
                "sha256:c375e4f95a3a64fccac412e36fb42ba36881e52313ec021ef410b40f67cddca4"
            ],
            "index": "pypi",
            "version": "==3.8.2"
        },
        "drf-haystack": {
            "hashes": [
                "sha256:3304d951d18733e416831bce25b60274497691b9ae9c55c16b3c35477b783028",
                "sha256:52d0663238b7578a94797267d6e770ddef937cbb9876448a3fac38f81b7ab12f"
            ],
            "index": "pypi",
            "version": "==1.8.4"
        },
        "e007892": {
            "file": "https://github.com/jrief/django-parler-rest/archive/deserialize-TranslatedField.zip"
        },
        "easy-thumbnails": {
            "hashes": [
                "sha256:23fbe3415c93b2369ece8ebdfb5faa05540943bef8b941b3118ce769ba95e275"
            ],
            "version": "==2.6"
        },
        "elasticsearch": {
            "hashes": [
                "sha256:2602e4bf21d501fd04dc062a71ff1950c96a57ea4dec97b8a4f625f53bb5ae12",
                "sha256:8488d6c0316ed7561ece88397302c37231c61a402227494cab31a91959851f12"
            ],
            "index": "pypi",
            "version": "==1.7.0"
        },
        "html5lib": {
            "hashes": [
                "sha256:20b159aa3badc9d5ee8f5c647e5efd02ed2a66ab8d354930bd9ff139fc1dc0a3",
                "sha256:66cb0dcfdbbc4f9c3ba1a63fdb511ffdbd4f513b2b6d81b80cd26ce6b3fb3736"
            ],
            "version": "==1.0.1"
        },
        "idna": {
            "hashes": [
                "sha256:c357b3f628cf53ae2c4c05627ecc484553142ca23264e593d327bcde5e9c3407",
                "sha256:ea8b7f6188e6fa117537c3df7da9fc686d485087abf6ac197f9c46432f7e4a3c"
            ],
            "version": "==2.8"
        },
        "jsonfield": {
            "hashes": [
                "sha256:a0a7fdee736ff049059409752b045281a225610fecbda9b9bd588ba976493c12",
                "sha256:beb1cd4850d6d6351c32daefcb826c01757744e9c863228a642f87a1a4acb834"
            ],
            "version": "==2.0.2"
        },
        "libsass": {
            "hashes": [
                "sha256:2ae3b061a7d250fb47e5fdad1a8191600ca15dc604e76b109b6d3bf8e08fd2ed",
                "sha256:2ee186aa682a035a53c557b7e61ce562a1114f1a1a992d0ba962cbc3e82c490c",
                "sha256:366f4fd5a5eab4a519beb583e9fa78718cf2c0f40e92ed835d7ed23b82e5d954",
                "sha256:5511b3c62e8d97daf929c63bd516b794f0a06acd09dd261445d864e48290551b",
                "sha256:7462da168c8fb997b31cb4dc3ee5adb9af2d106f7b92c2d57a1c68a56ae5a3a0",
                "sha256:84a16ec5cf7842ff5bc2caed2c032ed624d587699797bc2a4d4a8e41f579b6e7",
                "sha256:8fc0360ee99224f7a3cb09987e641171d34180759f467ba3d15934102ade396f",
                "sha256:a6c5535a21a07d769151453270bc6a8373b821d1d2fd9810d84fccfe315ab188",
                "sha256:b375bfbf3c86ec0f4a27f266b44b2753a4b8cab7e73649eed7afcad84bc56257",
                "sha256:b548af46c1a606aed93da2566901146005d6065f73fefc63d256ba62ba1f803d",
                "sha256:bb30fc7125350c64925a98cb90da7979f76bb0ea1a0157e8aeb268f8da38e296",
                "sha256:c2f386677514f9fc758631328bd318dd3e9d839ad7b6e248ec4535a191bfd271",
                "sha256:d1f301637ad5768aecc81d17dcf40a68f2e11b7ca8b427dbb9f8972c150d303e",
                "sha256:e0cf54dddf2cc6e373005bed6e46ccdce1f3a77bd169ab505c3a8ad9023eee5f",
                "sha256:e8941881063691d50f9cc8b8d6d8fd7bec86a8c461b2a4fc87188a5fc44d6ba4",
                "sha256:f4b29b0c70d753c754a58aaad7c31ad3309ca4a26f9aa64e695157251f6832ad"
            ],
            "index": "pypi",
            "version": "==0.18.0"
        },
        "oauthlib": {
            "hashes": [
                "sha256:0ce32c5d989a1827e3f1148f98b9085ed2370fc939bf524c9c851d8714797298",
                "sha256:3e1e14f6cde7e5475128d30e97edc3bfb4dc857cb884d8714ec161fdbb3b358e"
            ],
            "version": "==3.0.1"
        },
        "phonenumbers": {
            "hashes": [
                "sha256:dff6da0644ee435fc7ffe600039f452041fa15f71c6347938294cfee7333a4e5",
                "sha256:f35ce88505bbbae41703843b03ce6b3b5b7f446884a2df2ca6b67cb1534e8c84"
            ],
            "index": "pypi",
            "version": "==8.10.11"
        },
        "pillow": {
            "hashes": [
                "sha256:15c056bfa284c30a7f265a41ac4cbbc93bdbfc0dfe0613b9cb8a8581b51a9e55",
                "sha256:1a4e06ba4f74494ea0c58c24de2bb752818e9d504474ec95b0aa94f6b0a7e479",
                "sha256:1c3c707c76be43c9e99cb7e3d5f1bee1c8e5be8b8a2a5eeee665efbf8ddde91a",
                "sha256:1fd0b290203e3b0882d9605d807b03c0f47e3440f97824586c173eca0aadd99d",
                "sha256:24114e4a6e1870c5a24b1da8f60d0ba77a0b4027907860188ea82bd3508c80eb",
                "sha256:258d886a49b6b058cd7abb0ab4b2b85ce78669a857398e83e8b8e28b317b5abb",
                "sha256:33c79b6dd6bc7f65079ab9ca5bebffb5f5d1141c689c9c6a7855776d1b09b7e8",
                "sha256:367385fc797b2c31564c427430c7a8630db1a00bd040555dfc1d5c52e39fcd72",
                "sha256:3c1884ff078fb8bf5f63d7d86921838b82ed4a7d0c027add773c2f38b3168754",
                "sha256:44e5240e8f4f8861d748f2a58b3f04daadab5e22bfec896bf5434745f788f33f",
                "sha256:46aa988e15f3ea72dddd81afe3839437b755fffddb5e173886f11460be909dce",
                "sha256:74d90d499c9c736d52dd6d9b7221af5665b9c04f1767e35f5dd8694324bd4601",
                "sha256:809c0a2ce9032cbcd7b5313f71af4bdc5c8c771cb86eb7559afd954cab82ebb5",
                "sha256:85d1ef2cdafd5507c4221d201aaf62fc9276f8b0f71bd3933363e62a33abc734",
                "sha256:8c3889c7681af77ecfa4431cd42a2885d093ecb811e81fbe5e203abc07e0995b",
                "sha256:9218d81b9fca98d2c47d35d688a0cea0c42fd473159dfd5612dcb0483c63e40b",
                "sha256:9aa4f3827992288edd37c9df345783a69ef58bd20cc02e64b36e44bcd157bbf1",
                "sha256:9d80f44137a70b6f84c750d11019a3419f409c944526a95219bea0ac31f4dd91",
                "sha256:b7ebd36128a2fe93991293f997e44be9286503c7530ace6a55b938b20be288d8",
                "sha256:c4c78e2c71c257c136cdd43869fd3d5e34fc2162dc22e4a5406b0ebe86958239",
                "sha256:c6a842537f887be1fe115d8abb5daa9bc8cc124e455ff995830cc785624a97af",
                "sha256:cf0a2e040fdf5a6d95f4c286c6ef1df6b36c218b528c8a9158ec2452a804b9b8",
                "sha256:cfd28aad6fc61f7a5d4ee556a997dc6e5555d9381d1390c00ecaf984d57e4232",
                "sha256:dca5660e25932771460d4688ccbb515677caaf8595f3f3240ec16c117deff89a",
                "sha256:de7aedc85918c2f887886442e50f52c1b93545606317956d65f342bd81cb4fc3",
                "sha256:e6c0bbf8e277b74196e3140c35f9a1ae3eafd818f7f2d3a15819c49135d6c062"
            ],
            "version": "==6.0.0"
        },
        "python-dateutil": {
            "hashes": [
                "sha256:7e6584c74aeed623791615e26efd690f29817a27c73085b78e4bad02493df2fb",
                "sha256:c89805f6f4d64db21ed966fda138f8a5ed7a4fdbc1a8ee329ce1b74e3c74da9e"
            ],
            "version": "==2.8.0"
        },
        "python3-openid": {
            "hashes": [
                "sha256:0086da6b6ef3161cfe50fb1ee5cceaf2cda1700019fda03c2c5c440ca6abe4fa",
                "sha256:628d365d687e12da12d02c6691170f4451db28d6d68d050007e4a40065868502"
            ],
            "version": "==3.1.0"
        },
        "pytz": {
            "hashes": [
                "sha256:303879e36b721603cc54604edcac9d20401bdbe31e1e4fdee5b9f98d5d31dfda",
                "sha256:d747dd3d23d77ef44c6a3526e274af6efeb0a6f1afd5a69ba4d5be4098c8e141"
            ],
            "version": "==2019.1"
        },
        "requests": {
            "hashes": [
                "sha256:502a824f31acdacb3a35b6690b5fbf0bc41d63a24a45c4004352b0242707598e",
                "sha256:7bf2a778576d825600030a110f3c0e3e8edc51dfaafe1c146e39a2027784957b"
            ],
            "version": "==2.21.0"
        },
        "requests-oauthlib": {
            "hashes": [
                "sha256:bd6533330e8748e94bf0b214775fed487d309b8b8fe823dc45641ebcd9a32f57",
                "sha256:d3ed0c8f2e3bbc6b344fa63d6f933745ab394469da38db16bdddb461c7e25140"
            ],
            "version": "==1.2.0"
        },
        "six": {
            "hashes": [
                "sha256:3350809f0555b11f552448330d0b52d5f24c91a322ea4a15ef22629740f3761c",
                "sha256:d16a0141ec1a18405cd4ce8b4613101da75da0e9a7aec5bdd4fa804d0e0eba73"
            ],
            "version": "==1.12.0"
        },
        "unidecode": {
            "hashes": [
                "sha256:092cdf7ad9d1052c50313426a625b717dab52f7ac58f859e09ea020953b1ad8f",
                "sha256:8b85354be8fd0c0e10adbf0675f6dc2310e56fda43fa8fe049123b6c475e52fb"
            ],
            "version": "==1.0.23"
        },
        "urllib3": {
            "hashes": [
                "sha256:2393a695cd12afedd0dcb26fe5d50d0cf248e5a66f75dbd89a3d4eb333a61af4",
                "sha256:a637e5fae88995b256e3409dc4d52c2e2e0ba32c42a6365fee8bbd2238de3cfb"
            ],
            "version": "==1.24.3"
        },
        "webencodings": {
            "hashes": [
                "sha256:a0af1213f3c2226497a97e2b3aa01a7e4bee4f403f95be16fc9acd2947514a78",
                "sha256:b36a1c245f2d304965eb4e0a82848379241dc04b865afcc4aab16748587e1923"
            ],
            "version": "==0.5.1"
        }
    },
    "develop": {
        "atomicwrites": {
            "hashes": [
                "sha256:03472c30eb2c5d1ba9227e4c2ca66ab8287fbfbbda3888aa93dc2e28fc6811b4",
                "sha256:75a9445bac02d8d058d5e1fe689654ba5a6556a1dfd8ce6ec55a0ed79866cfa6"
            ],
            "version": "==1.3.0"
        },
        "attrs": {
            "hashes": [
                "sha256:69c0dbf2ed392de1cb5ec704444b08a5ef81680a61cb899dc08127123af36a79",
                "sha256:f0b870f674851ecbfbbbd364d6b5cbdff9dcedbc7f3f5e18a6891057f21fe399"
            ],
            "version": "==19.1.0"
        },
        "beautifulsoup4": {
            "hashes": [
                "sha256:034740f6cb549b4e932ae1ab975581e6103ac8f942200a0e9759065984391858",
                "sha256:945065979fb8529dd2f37dbb58f00b661bdbcbebf954f93b32fdf5263ef35348",
                "sha256:ba6d5c59906a85ac23dadfe5c88deaf3e179ef565f4898671253e50a78680718"
            ],
            "index": "pypi",
            "version": "==4.7.1"
        },
        "factory-boy": {
            "hashes": [
                "sha256:6f25cc4761ac109efd503f096e2ad99421b1159f01a29dbb917359dcd68e08ca",
                "sha256:d552cb872b310ae78bd7429bf318e42e1e903b1a109e899a523293dfa762ea4f"
            ],
            "index": "pypi",
            "version": "==2.11.1"
        },
        "faker": {
            "hashes": [
                "sha256:1da8b46b4767588a007aac546e809a9b65bdf6631817c8b6b7e8b209573e0799",
                "sha256:64650af92d1cbba15fc607440c824e6744a95b80c7ab6769ceb7b5d99e89129b"
            ],
            "version": "==1.0.6"
        },
        "filelock": {
            "hashes": [
                "sha256:b8d5ca5ca1c815e1574aee746650ea7301de63d87935b3463d26368b76e31633",
                "sha256:d610c1bb404daf85976d7a82eb2ada120f04671007266b708606565dd03b5be6"
            ],
            "version": "==3.0.10"
        },
        "inflection": {
            "hashes": [
                "sha256:18ea7fb7a7d152853386523def08736aa8c32636b047ade55f7578c4edeb16ca"
            ],
            "version": "==0.3.1"
        },
        "lxml": {
            "hashes": [
                "sha256:03984196d00670b2ab14ae0ea83d5cc0cfa4f5a42558afa9ab5fa745995328f5",
                "sha256:0815b0c9f897468de6a386dc15917a0becf48cc92425613aa8bbfc7f0f82951f",
                "sha256:175f3825f075cf02d15099eb52658457cf0ff103dcf11512b5d2583e1d40f58b",
                "sha256:30e14c62d88d1e01a26936ecd1c6e784d4afc9aa002bba4321c5897937112616",
                "sha256:3210da6f36cf4b835ff1be853962b22cc354d506f493b67a4303c88bbb40d57b",
                "sha256:40f60819fbd5bad6e191ba1329bfafa09ab7f3f174b3d034d413ef5266963294",
                "sha256:43b26a865a61549919f8a42e094dfdb62847113cf776d84bd6b60e4e3fc20ea3",
                "sha256:4a03dd682f8e35a10234904e0b9508d705ff98cf962c5851ed052e9340df3d90",
                "sha256:62f382cddf3d2e52cf266e161aa522d54fd624b8cc567bc18f573d9d50d40e8e",
                "sha256:7b98f0325be8450da70aa4a796c4f06852949fe031878b4aa1d6c417a412f314",
                "sha256:846a0739e595871041385d86d12af4b6999f921359b38affb99cdd6b54219a8f",
                "sha256:a3080470559938a09a5d0ec558c005282e99ac77bf8211fb7b9a5c66390acd8d",
                "sha256:ad841b78a476623955da270ab8d207c3c694aa5eba71f4792f65926dc46c6ee8",
                "sha256:afdd75d9735e44c639ffd6258ce04a2de3b208f148072c02478162d0944d9da3",
                "sha256:b4fbf9b552faff54742bcd0791ab1da5863363fb19047e68f6592be1ac2dab33",
                "sha256:b90c4e32d6ec089d3fa3518436bdf5ce4d902a0787dbd9bb09f37afe8b994317",
                "sha256:b91cfe4438c741aeff662d413fd2808ac901cc6229c838236840d11de4586d63",
                "sha256:bdb0593a42070b0a5f138b79b872289ee73c8e25b3f0bea6564e795b55b6bcdd",
                "sha256:c4e4bca2bb68ce22320297dfa1a7bf070a5b20bcbaec4ee023f83d2f6e76496f",
                "sha256:cec4ab14af9eae8501be3266ff50c3c2aecc017ba1e86c160209bb4f0423df6a",
                "sha256:e83b4b2bf029f5104bc1227dbb7bf5ace6fd8fabaebffcd4f8106fafc69fc45f",
                "sha256:e995b3734a46d41ae60b6097f7c51ba9958648c6d1e0935b7e0ee446ee4abe22",
                "sha256:f679d93dec7f7210575c85379a31322df4c46496f184ef650d3aba1484b38a2d",
                "sha256:fd213bb5166e46974f113c8228daaef1732abc47cb561ce9c4c8eaed4bd3b09b",
                "sha256:fdcb57b906dbc1f80666e6290e794ab8fb959a2e17aa5aee1758a85d1da4533f",
                "sha256:ff424b01d090ffe1947ec7432b07f536912e0300458f9a7f48ea217dd8362b86"
            ],
            "index": "pypi",
            "version": "==4.3.3"
        },
        "more-itertools": {
            "hashes": [
                "sha256:2112d2ca570bb7c3e53ea1a35cd5df42bb0fd10c45f0fb97178679c3c03d64c7",
                "sha256:c3e4748ba1aad8dba30a4886b0b1a2004f9a863837b8654e7059eebf727afa5a"
            ],
            "markers": "python_version > '2.7'",
            "version": "==7.0.0"
        },
        "pluggy": {
            "hashes": [
                "sha256:25a1bc1d148c9a640211872b4ff859878d422bccb59c9965e04eed468a0aa180",
                "sha256:964cedd2b27c492fbf0b7f58b3284a09cf7f99b0f715941fb24a439b3af1bd1a"
            ],
            "version": "==0.11.0"
        },
        "py": {
            "hashes": [
                "sha256:64f65755aee5b381cea27766a3a147c3f15b9b6b9ac88676de66ba2ae36793fa",
                "sha256:dc639b046a6e2cff5bbe40194ad65936d6ba360b52b3c3fe1d08a82dd50b5e53"
            ],
            "version": "==1.8.0"
        },
        "pytest": {
            "hashes": [
                "sha256:136632a40451162cdfc18fe4d7ecc5d169b558a3d4bbb1603d4005308a42fd03",
                "sha256:62b129bf8368554ca7a942cbdb57ea26aafef46cc65bc317cdac3967e54483a3"
            ],
            "index": "pypi",
            "version": "==4.4.2"
        },
        "pytest-django": {
            "hashes": [
                "sha256:30d773f1768e8f214a3106f1090e00300ce6edfcac8c55fd13b675fe1cbd1c85",
                "sha256:4d3283e774fe1d40630ee58bf34929b83875e4751b525eeb07a7506996eb42ee"
            ],
            "index": "pypi",
            "version": "==3.4.8"
        },
        "pytest-factoryboy": {
            "hashes": [
                "sha256:b1bdb7da9078eb84a6cb9b7b93dda9cfb575488df04f91b1ab4d20a1dfce8faf"
            ],
            "index": "pypi",
            "version": "==2.0.2"
        },
        "python-dateutil": {
            "hashes": [
                "sha256:7e6584c74aeed623791615e26efd690f29817a27c73085b78e4bad02493df2fb",
                "sha256:c89805f6f4d64db21ed966fda138f8a5ed7a4fdbc1a8ee329ce1b74e3c74da9e"
            ],
            "version": "==2.8.0"
        },
        "six": {
            "hashes": [
                "sha256:3350809f0555b11f552448330d0b52d5f24c91a322ea4a15ef22629740f3761c",
                "sha256:d16a0141ec1a18405cd4ce8b4613101da75da0e9a7aec5bdd4fa804d0e0eba73"
            ],
            "version": "==1.12.0"
        },
        "soupsieve": {
            "hashes": [
                "sha256:6898e82ecb03772a0d82bd0d0a10c0d6dcc342f77e0701d0ec4a8271be465ece",
                "sha256:b20eff5e564529711544066d7dc0f7661df41232ae263619dede5059799cdfca"
            ],
            "version": "==1.9.1"
        },
        "text-unidecode": {
            "hashes": [
                "sha256:5a1375bb2ba7968740508ae38d92e1f889a0832913cb1c447d5e2046061a396d",
                "sha256:801e38bd550b943563660a91de8d4b6fa5df60a542be9093f7abf819f86050cc"
            ],
            "version": "==1.2"
        },
        "toml": {
            "hashes": [
                "sha256:229f81c57791a41d65e399fc06bf0848bab550a9dfd5ed66df18ce5f05e73d5c",
                "sha256:235682dd292d5899d361a811df37e04a8828a5b1da3115886b73cf81ebc9100e"
            ],
            "version": "==0.10.0"
        },
        "tox": {
            "hashes": [
                "sha256:1b166b93d2ce66bb7b253ba944d2be89e0c9d432d49eeb9da2988b4902a4684e",
                "sha256:665cbdd99f5c196dd80d1d8db8c8cf5d48b1ae1f778bccd1bdf14d5aaf4ca0fc"
            ],
            "index": "pypi",
            "version": "==3.9.0"
        },
        "virtualenv": {
            "hashes": [
                "sha256:15ee248d13e4001a691d9583948ad3947bcb8a289775102e4c4aa98a8b7a6d73",
                "sha256:bfc98bb9b42a3029ee41b96dc00a34c2f254cbf7716bec824477b2c82741a5c4"
            ],
            "version": "==16.5.0"
        }
    }
}
